
Microsoft Visual Studio Solution File, Format Version 12.00
# Visual Studio Version 17
VisualStudioVersion = 17.0.31423.177
MinimumVisualStudioVersion = 10.0.40219.1
Project("{D954291E-2A0B-460D-934E-DC6B0785DB48}") = "Xamarin.Helper.Views", "Xamarin.Helper.Views\Xamarin.Helper.Views.shproj", "{B71930D4-4B42-482C-B7F7-4E2963FAA23C}"
EndProject
Project("{D954291E-2A0B-460D-934E-DC6B0785DB48}") = "Xamarin.Helper.Devices", "Xamarin.Helper.Devices\Xamarin.Helper.Devices.shproj", "{3653F91A-708A-4094-865E-335CB032E970}"
EndProject
Project("{D954291E-2A0B-460D-934E-DC6B0785DB48}") = "Xamarin.Helper.Files", "Xamarin.Helper.Files\Xamarin.Helper.Files.shproj", "{8FA90773-95A0-43B5-A1B8-C81FF4B17137}"
EndProject
Project("{D954291E-2A0B-460D-934E-DC6B0785DB48}") = "Xamarin.Helper.Images", "Xamarin.Helper.Images\Xamarin.Helper.Images.shproj", "{17D5DE66-3736-4B8F-890E-4056F329B3AB}"
EndProject
Project("{D954291E-2A0B-460D-934E-DC6B0785DB48}") = "Xamarin.Helper.Layouts", "Xamarin.Helper.Layouts\Xamarin.Helper.Layouts.shproj", "{5C168EE0-A579-4DAB-A2D4-6D8D85EE4D65}"
EndProject
Project("{D954291E-2A0B-460D-934E-DC6B0785DB48}") = "Xamarin.Helper.Logs", "Xamarin.Helper.Logs\Xamarin.Helper.Logs.shproj", "{0C5D6C68-18E2-4F7D-A6E6-12949CC7AC8E}"
EndProject
Project("{D954291E-2A0B-460D-934E-DC6B0785DB48}") = "Xamarin.Helper.Webs", "Xamarin.Helper.Webs\Xamarin.Helper.Webs.shproj", "{01C97CAA-C0B3-43A0-B6B8-43A7A6C6A33C}"
EndProject
Project("{D954291E-2A0B-460D-934E-DC6B0785DB48}") = "Xamarin.Helper.Tools", "Xamarin.Helper.Tools\Xamarin.Helper.Tools.shproj", "{536A393E-0BF3-4549-BBA2-5F7378578548}"
EndProject
Project("{D954291E-2A0B-460D-934E-DC6B0785DB48}") = "Xamarin.Helper.Applications", "Xamarin.Helper.Applications\Xamarin.Helper.Applications.shproj", "{1964353F-1DFE-467D-AF40-10AE848B2BB4}"
EndProject
Project("{2150E333-8FDC-42A3-9474-1A3956D46DE8}") = "Xamarin.Helper", "Xamarin.Helper", "{9B691AA8-9369-4D07-A131-4D25DC8534BC}"
EndProject
Project("{2150E333-8FDC-42A3-9474-1A3956D46DE8}") = "Xamarin.Helper", "Xamarin.Helper", "{32DD46E1-03C3-4223-8AE3-74126AD9380D}"
EndProject
Project("{2150E333-8FDC-42A3-9474-1A3956D46DE8}") = "Solution Items", "Solution Items", "{F880F3B7-7AAD-434A-81B9-8B0D7A12FFE2}"
	ProjectSection(SolutionItems) = preProject
		Readme.txt = Readme.txt
	EndProjectSection
EndProject
Project("{2150E333-8FDC-42A3-9474-1A3956D46DE8}") = "Xamarin.Essentials", "Xamarin.Essentials", "{B7497C01-AF0B-434A-B659-6E25BD7BFE22}"
EndProject
Project("{9A19103F-16F7-4668-BE54-9A1E7A4F7556}") = "Xamarin.Essentials", "Xamarin.Essentials\Xamarin.Essentials.csproj", "{C09FA207-3D6E-43C8-866E-4D5D56A2E1D5}"
EndProject
Project("{FAE04EC0-301F-11D3-BF4B-00C04F79EFBC}") = "Xamarin.Helper.Droid", "Xamarin.Helper\Xamarin.Helper\Xamarin.Helper.Droid\Xamarin.Helper.Droid.csproj", "{7D727EE2-CDC3-4FE4-85CB-ED32EFA2FF73}"
EndProject
Project("{FAE04EC0-301F-11D3-BF4B-00C04F79EFBC}") = "Xamarin.Helper.iOS", "Xamarin.Helper\Xamarin.Helper\Xamarin.Helper.iOS\Xamarin.Helper.iOS.csproj", "{B5E62031-6050-4F36-BF27-84F6ED040B14}"
EndProject
Project("{9A19103F-16F7-4668-BE54-9A1E7A4F7556}") = "Xamarin.Helper.Wpf", "Xamarin.Helper\Xamarin.Helper\Xamarin.Helper.Wpf\Xamarin.Helper.Wpf.csproj", "{93A49BB9-8E5A-4D64-BC0D-7F2D4D552B1E}"
EndProject
Project("{FAE04EC0-301F-11D3-BF4B-00C04F79EFBC}") = "Xamarin.Helper.Mac", "Xamarin.Helper\Xamarin.Helper\Xamarin.Helper.Mac\Xamarin.Helper.Mac.csproj", "{B83BCC8A-CA02-4630-97C6-C0C648CB9087}"
EndProject
Global
	GlobalSection(SharedMSBuildProjectFiles) = preSolution
		Xamarin.Helper.Webs\Xamarin.Helper.Webs.projitems*{01c97caa-c0b3-43a0-b6b8-43a7a6c6a33c}*SharedItemsImports = 13
		Xamarin.Helper.Logs\Xamarin.Helper.Logs.projitems*{0c5d6c68-18e2-4f7d-a6e6-12949cc7ac8e}*SharedItemsImports = 13
		Xamarin.Helper.Images\Xamarin.Helper.Images.projitems*{17d5de66-3736-4b8f-890e-4056f329b3ab}*SharedItemsImports = 13
		Xamarin.Helper.Applications\Xamarin.Helper.Applications.projitems*{1964353f-1dfe-467d-af40-10ae848b2bb4}*SharedItemsImports = 13
		Xamarin.Helper.Devices\Xamarin.Helper.Devices.projitems*{3653f91a-708a-4094-865e-335cb032e970}*SharedItemsImports = 13
		Xamarin.Helper.Tools\Xamarin.Helper.Tools.projitems*{536a393e-0bf3-4549-bba2-5f7378578548}*SharedItemsImports = 13
		Xamarin.Helper.Layouts\Xamarin.Helper.Layouts.projitems*{5c168ee0-a579-4dab-a2d4-6d8d85ee4d65}*SharedItemsImports = 13
		Xamarin.Helper.Applications\Xamarin.Helper.Applications.projitems*{7d727ee2-cdc3-4fe4-85cb-ed32efa2ff73}*SharedItemsImports = 4
		Xamarin.Helper.Devices\Xamarin.Helper.Devices.projitems*{7d727ee2-cdc3-4fe4-85cb-ed32efa2ff73}*SharedItemsImports = 4
		Xamarin.Helper.Files\Xamarin.Helper.Files.projitems*{7d727ee2-cdc3-4fe4-85cb-ed32efa2ff73}*SharedItemsImports = 4
		Xamarin.Helper.Images\Xamarin.Helper.Images.projitems*{7d727ee2-cdc3-4fe4-85cb-ed32efa2ff73}*SharedItemsImports = 4
		Xamarin.Helper.Layouts\Xamarin.Helper.Layouts.projitems*{7d727ee2-cdc3-4fe4-85cb-ed32efa2ff73}*SharedItemsImports = 4
		Xamarin.Helper.Logs\Xamarin.Helper.Logs.projitems*{7d727ee2-cdc3-4fe4-85cb-ed32efa2ff73}*SharedItemsImports = 4
		Xamarin.Helper.Tools\Xamarin.Helper.Tools.projitems*{7d727ee2-cdc3-4fe4-85cb-ed32efa2ff73}*SharedItemsImports = 4
		Xamarin.Helper.Views\Xamarin.Helper.Views.projitems*{7d727ee2-cdc3-4fe4-85cb-ed32efa2ff73}*SharedItemsImports = 4
		Xamarin.Helper.Webs\Xamarin.Helper.Webs.projitems*{7d727ee2-cdc3-4fe4-85cb-ed32efa2ff73}*SharedItemsImports = 4
		Xamarin.Helper.Files\Xamarin.Helper.Files.projitems*{8fa90773-95a0-43b5-a1b8-c81ff4b17137}*SharedItemsImports = 13
		Xamarin.Helper.Applications\Xamarin.Helper.Applications.projitems*{93a49bb9-8e5a-4d64-bc0d-7f2d4d552b1e}*SharedItemsImports = 5
		Xamarin.Helper.Devices\Xamarin.Helper.Devices.projitems*{93a49bb9-8e5a-4d64-bc0d-7f2d4d552b1e}*SharedItemsImports = 5
		Xamarin.Helper.Files\Xamarin.Helper.Files.projitems*{93a49bb9-8e5a-4d64-bc0d-7f2d4d552b1e}*SharedItemsImports = 5
		Xamarin.Helper.Images\Xamarin.Helper.Images.projitems*{93a49bb9-8e5a-4d64-bc0d-7f2d4d552b1e}*SharedItemsImports = 5
		Xamarin.Helper.Layouts\Xamarin.Helper.Layouts.projitems*{93a49bb9-8e5a-4d64-bc0d-7f2d4d552b1e}*SharedItemsImports = 5
		Xamarin.Helper.Logs\Xamarin.Helper.Logs.projitems*{93a49bb9-8e5a-4d64-bc0d-7f2d4d552b1e}*SharedItemsImports = 5
		Xamarin.Helper.Tools\Xamarin.Helper.Tools.projitems*{93a49bb9-8e5a-4d64-bc0d-7f2d4d552b1e}*SharedItemsImports = 5
		Xamarin.Helper.Views\Xamarin.Helper.Views.projitems*{93a49bb9-8e5a-4d64-bc0d-7f2d4d552b1e}*SharedItemsImports = 5
		Xamarin.Helper.Webs\Xamarin.Helper.Webs.projitems*{93a49bb9-8e5a-4d64-bc0d-7f2d4d552b1e}*SharedItemsImports = 5
		Xamarin.Helper.Applications\Xamarin.Helper.Applications.projitems*{b5e62031-6050-4f36-bf27-84f6ed040b14}*SharedItemsImports = 4
		Xamarin.Helper.Devices\Xamarin.Helper.Devices.projitems*{b5e62031-6050-4f36-bf27-84f6ed040b14}*SharedItemsImports = 4
		Xamarin.Helper.Files\Xamarin.Helper.Files.projitems*{b5e62031-6050-4f36-bf27-84f6ed040b14}*SharedItemsImports = 4
		Xamarin.Helper.Images\Xamarin.Helper.Images.projitems*{b5e62031-6050-4f36-bf27-84f6ed040b14}*SharedItemsImports = 4
		Xamarin.Helper.Layouts\Xamarin.Helper.Layouts.projitems*{b5e62031-6050-4f36-bf27-84f6ed040b14}*SharedItemsImports = 4
		Xamarin.Helper.Logs\Xamarin.Helper.Logs.projitems*{b5e62031-6050-4f36-bf27-84f6ed040b14}*SharedItemsImports = 4
		Xamarin.Helper.Tools\Xamarin.Helper.Tools.projitems*{b5e62031-6050-4f36-bf27-84f6ed040b14}*SharedItemsImports = 4
		Xamarin.Helper.Views\Xamarin.Helper.Views.projitems*{b5e62031-6050-4f36-bf27-84f6ed040b14}*SharedItemsImports = 4
		Xamarin.Helper.Webs\Xamarin.Helper.Webs.projitems*{b5e62031-6050-4f36-bf27-84f6ed040b14}*SharedItemsImports = 4
		Xamarin.Helper.Views\Xamarin.Helper.Views.projitems*{b71930d4-4b42-482c-b7f7-4e2963faa23c}*SharedItemsImports = 13
		Xamarin.Helper.Applications\Xamarin.Helper.Applications.projitems*{b83bcc8a-ca02-4630-97c6-c0c648cb9087}*SharedItemsImports = 4
		Xamarin.Helper.Devices\Xamarin.Helper.Devices.projitems*{b83bcc8a-ca02-4630-97c6-c0c648cb9087}*SharedItemsImports = 4
		Xamarin.Helper.Files\Xamarin.Helper.Files.projitems*{b83bcc8a-ca02-4630-97c6-c0c648cb9087}*SharedItemsImports = 4
		Xamarin.Helper.Images\Xamarin.Helper.Images.projitems*{b83bcc8a-ca02-4630-97c6-c0c648cb9087}*SharedItemsImports = 4
		Xamarin.Helper.Layouts\Xamarin.Helper.Layouts.projitems*{b83bcc8a-ca02-4630-97c6-c0c648cb9087}*SharedItemsImports = 4
		Xamarin.Helper.Logs\Xamarin.Helper.Logs.projitems*{b83bcc8a-ca02-4630-97c6-c0c648cb9087}*SharedItemsImports = 4
		Xamarin.Helper.Tools\Xamarin.Helper.Tools.projitems*{b83bcc8a-ca02-4630-97c6-c0c648cb9087}*SharedItemsImports = 4
		Xamarin.Helper.Views\Xamarin.Helper.Views.projitems*{b83bcc8a-ca02-4630-97c6-c0c648cb9087}*SharedItemsImports = 4
		Xamarin.Helper.Webs\Xamarin.Helper.Webs.projitems*{b83bcc8a-ca02-4630-97c6-c0c648cb9087}*SharedItemsImports = 4
	EndGlobalSection
	GlobalSection(SolutionConfigurationPlatforms) = preSolution
		Debug|Any CPU = Debug|Any CPU
		Debug|ARM = Debug|ARM
		Debug|ARM64 = Debug|ARM64
		Debug|x64 = Debug|x64
		Debug|x86 = Debug|x86
		Release|Any CPU = Release|Any CPU
		Release|ARM = Release|ARM
		Release|ARM64 = Release|ARM64
		Release|x64 = Release|x64
		Release|x86 = Release|x86
	EndGlobalSection
	GlobalSection(ProjectConfigurationPlatforms) = postSolution
		{C09FA207-3D6E-43C8-866E-4D5D56A2E1D5}.Debug|Any CPU.ActiveCfg = Debug|Any CPU
		{C09FA207-3D6E-43C8-866E-4D5D56A2E1D5}.Debug|Any CPU.Build.0 = Debug|Any CPU
		{C09FA207-3D6E-43C8-866E-4D5D56A2E1D5}.Debug|ARM.ActiveCfg = Debug|Any CPU
		{C09FA207-3D6E-43C8-866E-4D5D56A2E1D5}.Debug|ARM.Build.0 = Debug|Any CPU
		{C09FA207-3D6E-43C8-866E-4D5D56A2E1D5}.Debug|ARM64.ActiveCfg = Debug|Any CPU
		{C09FA207-3D6E-43C8-866E-4D5D56A2E1D5}.Debug|ARM64.Build.0 = Debug|Any CPU
		{C09FA207-3D6E-43C8-866E-4D5D56A2E1D5}.Debug|x64.ActiveCfg = Debug|Any CPU
		{C09FA207-3D6E-43C8-866E-4D5D56A2E1D5}.Debug|x64.Build.0 = Debug|Any CPU
		{C09FA207-3D6E-43C8-866E-4D5D56A2E1D5}.Debug|x86.ActiveCfg = Debug|Any CPU
		{C09FA207-3D6E-43C8-866E-4D5D56A2E1D5}.Debug|x86.Build.0 = Debug|Any CPU
		{C09FA207-3D6E-43C8-866E-4D5D56A2E1D5}.Release|Any CPU.ActiveCfg = Release|Any CPU
		{C09FA207-3D6E-43C8-866E-4D5D56A2E1D5}.Release|Any CPU.Build.0 = Release|Any CPU
		{C09FA207-3D6E-43C8-866E-4D5D56A2E1D5}.Release|ARM.ActiveCfg = Release|Any CPU
		{C09FA207-3D6E-43C8-866E-4D5D56A2E1D5}.Release|ARM.Build.0 = Release|Any CPU
		{C09FA207-3D6E-43C8-866E-4D5D56A2E1D5}.Release|ARM64.ActiveCfg = Release|Any CPU
		{C09FA207-3D6E-43C8-866E-4D5D56A2E1D5}.Release|ARM64.Build.0 = Release|Any CPU
		{C09FA207-3D6E-43C8-866E-4D5D56A2E1D5}.Release|x64.ActiveCfg = Release|Any CPU
		{C09FA207-3D6E-43C8-866E-4D5D56A2E1D5}.Release|x64.Build.0 = Release|Any CPU
		{C09FA207-3D6E-43C8-866E-4D5D56A2E1D5}.Release|x86.ActiveCfg = Release|Any CPU
		{C09FA207-3D6E-43C8-866E-4D5D56A2E1D5}.Release|x86.Build.0 = Release|Any CPU
		{7D727EE2-CDC3-4FE4-85CB-ED32EFA2FF73}.Debug|Any CPU.ActiveCfg = Debug|Any CPU
		{7D727EE2-CDC3-4FE4-85CB-ED32EFA2FF73}.Debug|Any CPU.Build.0 = Debug|Any CPU
		{7D727EE2-CDC3-4FE4-85CB-ED32EFA2FF73}.Debug|ARM.ActiveCfg = Debug|Any CPU
		{7D727EE2-CDC3-4FE4-85CB-ED32EFA2FF73}.Debug|ARM.Build.0 = Debug|Any CPU
		{7D727EE2-CDC3-4FE4-85CB-ED32EFA2FF73}.Debug|ARM64.ActiveCfg = Debug|Any CPU
		{7D727EE2-CDC3-4FE4-85CB-ED32EFA2FF73}.Debug|ARM64.Build.0 = Debug|Any CPU
		{7D727EE2-CDC3-4FE4-85CB-ED32EFA2FF73}.Debug|x64.ActiveCfg = Debug|Any CPU
		{7D727EE2-CDC3-4FE4-85CB-ED32EFA2FF73}.Debug|x64.Build.0 = Debug|Any CPU
		{7D727EE2-CDC3-4FE4-85CB-ED32EFA2FF73}.Debug|x86.ActiveCfg = Debug|Any CPU
		{7D727EE2-CDC3-4FE4-85CB-ED32EFA2FF73}.Debug|x86.Build.0 = Debug|Any CPU
		{7D727EE2-CDC3-4FE4-85CB-ED32EFA2FF73}.Release|Any CPU.ActiveCfg = Release|Any CPU
		{7D727EE2-CDC3-4FE4-85CB-ED32EFA2FF73}.Release|Any CPU.Build.0 = Release|Any CPU
		{7D727EE2-CDC3-4FE4-85CB-ED32EFA2FF73}.Release|ARM.ActiveCfg = Release|Any CPU
		{7D727EE2-CDC3-4FE4-85CB-ED32EFA2FF73}.Release|ARM.Build.0 = Release|Any CPU
		{7D727EE2-CDC3-4FE4-85CB-ED32EFA2FF73}.Release|ARM64.ActiveCfg = Release|Any CPU
		{7D727EE2-CDC3-4FE4-85CB-ED32EFA2FF73}.Release|ARM64.Build.0 = Release|Any CPU
		{7D727EE2-CDC3-4FE4-85CB-ED32EFA2FF73}.Release|x64.ActiveCfg = Release|Any CPU
		{7D727EE2-CDC3-4FE4-85CB-ED32EFA2FF73}.Release|x64.Build.0 = Release|Any CPU
		{7D727EE2-CDC3-4FE4-85CB-ED32EFA2FF73}.Release|x86.ActiveCfg = Release|Any CPU
		{7D727EE2-CDC3-4FE4-85CB-ED32EFA2FF73}.Release|x86.Build.0 = Release|Any CPU
		{B5E62031-6050-4F36-BF27-84F6ED040B14}.Debug|Any CPU.ActiveCfg = Debug|Any CPU
		{B5E62031-6050-4F36-BF27-84F6ED040B14}.Debug|Any CPU.Build.0 = Debug|Any CPU
		{B5E62031-6050-4F36-BF27-84F6ED040B14}.Debug|ARM.ActiveCfg = Debug|Any CPU
		{B5E62031-6050-4F36-BF27-84F6ED040B14}.Debug|ARM.Build.0 = Debug|Any CPU
		{B5E62031-6050-4F36-BF27-84F6ED040B14}.Debug|ARM64.ActiveCfg = Debug|Any CPU
		{B5E62031-6050-4F36-BF27-84F6ED040B14}.Debug|ARM64.Build.0 = Debug|Any CPU
		{B5E62031-6050-4F36-BF27-84F6ED040B14}.Debug|x64.ActiveCfg = Debug|Any CPU
		{B5E62031-6050-4F36-BF27-84F6ED040B14}.Debug|x64.Build.0 = Debug|Any CPU
		{B5E62031-6050-4F36-BF27-84F6ED040B14}.Debug|x86.ActiveCfg = Debug|Any CPU
		{B5E62031-6050-4F36-BF27-84F6ED040B14}.Debug|x86.Build.0 = Debug|Any CPU
		{B5E62031-6050-4F36-BF27-84F6ED040B14}.Release|Any CPU.ActiveCfg = Release|Any CPU
		{B5E62031-6050-4F36-BF27-84F6ED040B14}.Release|Any CPU.Build.0 = Release|Any CPU
		{B5E62031-6050-4F36-BF27-84F6ED040B14}.Release|ARM.ActiveCfg = Release|Any CPU
		{B5E62031-6050-4F36-BF27-84F6ED040B14}.Release|ARM.Build.0 = Release|Any CPU
		{B5E62031-6050-4F36-BF27-84F6ED040B14}.Release|ARM64.ActiveCfg = Release|Any CPU
		{B5E62031-6050-4F36-BF27-84F6ED040B14}.Release|ARM64.Build.0 = Release|Any CPU
		{B5E62031-6050-4F36-BF27-84F6ED040B14}.Release|x64.ActiveCfg = Release|Any CPU
		{B5E62031-6050-4F36-BF27-84F6ED040B14}.Release|x64.Build.0 = Release|Any CPU
		{B5E62031-6050-4F36-BF27-84F6ED040B14}.Release|x86.ActiveCfg = Release|Any CPU
		{B5E62031-6050-4F36-BF27-84F6ED040B14}.Release|x86.Build.0 = Release|Any CPU
		{93A49BB9-8E5A-4D64-BC0D-7F2D4D552B1E}.Debug|Any CPU.ActiveCfg = Debug|Any CPU
		{93A49BB9-8E5A-4D64-BC0D-7F2D4D552B1E}.Debug|Any CPU.Build.0 = Debug|Any CPU
		{93A49BB9-8E5A-4D64-BC0D-7F2D4D552B1E}.Debug|ARM.ActiveCfg = Debug|Any CPU
		{93A49BB9-8E5A-4D64-BC0D-7F2D4D552B1E}.Debug|ARM.Build.0 = Debug|Any CPU
		{93A49BB9-8E5A-4D64-BC0D-7F2D4D552B1E}.Debug|ARM64.ActiveCfg = Debug|Any CPU
		{93A49BB9-8E5A-4D64-BC0D-7F2D4D552B1E}.Debug|ARM64.Build.0 = Debug|Any CPU
		{93A49BB9-8E5A-4D64-BC0D-7F2D4D552B1E}.Debug|x64.ActiveCfg = Debug|Any CPU
		{93A49BB9-8E5A-4D64-BC0D-7F2D4D552B1E}.Debug|x64.Build.0 = Debug|Any CPU
		{93A49BB9-8E5A-4D64-BC0D-7F2D4D552B1E}.Debug|x86.ActiveCfg = Debug|Any CPU
		{93A49BB9-8E5A-4D64-BC0D-7F2D4D552B1E}.Debug|x86.Build.0 = Debug|Any CPU
		{93A49BB9-8E5A-4D64-BC0D-7F2D4D552B1E}.Release|Any CPU.ActiveCfg = Release|Any CPU
		{93A49BB9-8E5A-4D64-BC0D-7F2D4D552B1E}.Release|Any CPU.Build.0 = Release|Any CPU
		{93A49BB9-8E5A-4D64-BC0D-7F2D4D552B1E}.Release|ARM.ActiveCfg = Release|Any CPU
		{93A49BB9-8E5A-4D64-BC0D-7F2D4D552B1E}.Release|ARM.Build.0 = Release|Any CPU
		{93A49BB9-8E5A-4D64-BC0D-7F2D4D552B1E}.Release|ARM64.ActiveCfg = Release|Any CPU
		{93A49BB9-8E5A-4D64-BC0D-7F2D4D552B1E}.Release|ARM64.Build.0 = Release|Any CPU
		{93A49BB9-8E5A-4D64-BC0D-7F2D4D552B1E}.Release|x64.ActiveCfg = Release|Any CPU
		{93A49BB9-8E5A-4D64-BC0D-7F2D4D552B1E}.Release|x64.Build.0 = Release|Any CPU
		{93A49BB9-8E5A-4D64-BC0D-7F2D4D552B1E}.Release|x86.ActiveCfg = Release|Any CPU
		{93A49BB9-8E5A-4D64-BC0D-7F2D4D552B1E}.Release|x86.Build.0 = Release|Any CPU
		{B83BCC8A-CA02-4630-97C6-C0C648CB9087}.Debug|Any CPU.ActiveCfg = Debug|Any CPU
		{B83BCC8A-CA02-4630-97C6-C0C648CB9087}.Debug|Any CPU.Build.0 = Debug|Any CPU
		{B83BCC8A-CA02-4630-97C6-C0C648CB9087}.Debug|ARM.ActiveCfg = Debug|Any CPU
		{B83BCC8A-CA02-4630-97C6-C0C648CB9087}.Debug|ARM.Build.0 = Debug|Any CPU
		{B83BCC8A-CA02-4630-97C6-C0C648CB9087}.Debug|ARM64.ActiveCfg = Debug|Any CPU
		{B83BCC8A-CA02-4630-97C6-C0C648CB9087}.Debug|ARM64.Build.0 = Debug|Any CPU
		{B83BCC8A-CA02-4630-97C6-C0C648CB9087}.Debug|x64.ActiveCfg = Debug|Any CPU
		{B83BCC8A-CA02-4630-97C6-C0C648CB9087}.Debug|x64.Build.0 = Debug|Any CPU
		{B83BCC8A-CA02-4630-97C6-C0C648CB9087}.Debug|x86.ActiveCfg = Debug|Any CPU
		{B83BCC8A-CA02-4630-97C6-C0C648CB9087}.Debug|x86.Build.0 = Debug|Any CPU
		{B83BCC8A-CA02-4630-97C6-C0C648CB9087}.Release|Any CPU.ActiveCfg = Release|Any CPU
		{B83BCC8A-CA02-4630-97C6-C0C648CB9087}.Release|Any CPU.Build.0 = Release|Any CPU
		{B83BCC8A-CA02-4630-97C6-C0C648CB9087}.Release|ARM.ActiveCfg = Release|Any CPU
		{B83BCC8A-CA02-4630-97C6-C0C648CB9087}.Release|ARM.Build.0 = Release|Any CPU
		{B83BCC8A-CA02-4630-97C6-C0C648CB9087}.Release|ARM64.ActiveCfg = Release|Any CPU
		{B83BCC8A-CA02-4630-97C6-C0C648CB9087}.Release|ARM64.Build.0 = Release|Any CPU
		{B83BCC8A-CA02-4630-97C6-C0C648CB9087}.Release|x64.ActiveCfg = Release|Any CPU
		{B83BCC8A-CA02-4630-97C6-C0C648CB9087}.Release|x64.Build.0 = Release|Any CPU
		{B83BCC8A-CA02-4630-97C6-C0C648CB9087}.Release|x86.ActiveCfg = Release|Any CPU
		{B83BCC8A-CA02-4630-97C6-C0C648CB9087}.Release|x86.Build.0 = Release|Any CPU
	EndGlobalSection
	GlobalSection(SolutionProperties) = preSolution
		HideSolutionNode = FALSE
	EndGlobalSection
	GlobalSection(NestedProjects) = preSolution
		{32DD46E1-03C3-4223-8AE3-74126AD9380D} = {9B691AA8-9369-4D07-A131-4D25DC8534BC}
		{C09FA207-3D6E-43C8-866E-4D5D56A2E1D5} = {B7497C01-AF0B-434A-B659-6E25BD7BFE22}
		{7D727EE2-CDC3-4FE4-85CB-ED32EFA2FF73} = {32DD46E1-03C3-4223-8AE3-74126AD9380D}
		{B5E62031-6050-4F36-BF27-84F6ED040B14} = {32DD46E1-03C3-4223-8AE3-74126AD9380D}
		{93A49BB9-8E5A-4D64-BC0D-7F2D4D552B1E} = {32DD46E1-03C3-4223-8AE3-74126AD9380D}
		{B83BCC8A-CA02-4630-97C6-C0C648CB9087} = {32DD46E1-03C3-4223-8AE3-74126AD9380D}
	EndGlobalSection
	GlobalSection(ExtensibilityGlobals) = postSolution
		SolutionGuid = {379121AB-1EC1-455C-AAC1-109B3E91DA85}
	EndGlobalSection
EndGlobal
